
Microsoft Visual Studio Solution File, Format Version 12.00
# Visual Studio Version 17
VisualStudioVersion = 17.9.34622.214
MinimumVisualStudioVersion = 10.0.40219.1
Project("{FAE04EC0-301F-11D3-BF4B-00C04F79EFBC}") = "BuilderPattern", "BuilderPattern\BuilderPattern.csproj", "{762D30F4-AA8B-45B1-AEF8-0E5A1B8FCD46}"
EndProject
Global
	GlobalSection(SolutionConfigurationPlatforms) = preSolution
		Debug|Any CPU = Debug|Any CPU
		Release|Any CPU = Release|Any CPU
	EndGlobalSection
	GlobalSection(ProjectConfigurationPlatforms) = postSolution
		{762D30F4-AA8B-45B1-AEF8-0E5A1B8FCD46}.Debug|Any CPU.ActiveCfg = Debug|Any CPU
		{762D30F4-AA8B-45B1-AEF8-0E5A1B8FCD46}.Debug|Any CPU.Build.0 = Debug|Any CPU
		{762D30F4-AA8B-45B1-AEF8-0E5A1B8FCD46}.Release|Any CPU.ActiveCfg = Release|Any CPU
		{762D30F4-AA8B-45B1-AEF8-0E5A1B8FCD46}.Release|Any CPU.Build.0 = Release|Any CPU
	EndGlobalSection
	GlobalSection(SolutionProperties) = preSolution
		HideSolutionNode = FALSE
	EndGlobalSection
	GlobalSection(ExtensibilityGlobals) = postSolution
		SolutionGuid = {4B5C762C-29B5-4FB5-AA75-D170126503AE}
	EndGlobalSection
EndGlobal
